
Microsoft Visual Studio Solution File, Format Version 12.00
# Visual Studio Version 17
VisualStudioVersion = 17.3.32901.215
MinimumVisualStudioVersion = 10.0.40219.1
Project("{9A19103F-16F7-4668-BE54-9A1E7A4F7556}") = "BloodPressure.Application", "src\BloodPressure.Application\BloodPressure.Application.csproj", "{5D60C42C-A563-4BC2-9198-048C4870B033}"
EndProject
Project("{2150E333-8FDC-42A3-9474-1A3956D46DE8}") = "src", "src", "{AF405B63-DFB4-4DAF-9492-107238DC879B}"
EndProject
Project("{9A19103F-16F7-4668-BE54-9A1E7A4F7556}") = "BloodPressure.Functions", "src\BloodPressure.Functions\BloodPressure.Functions.csproj", "{DA85EC5D-2902-4CDF-80A6-E3D814C5D3D5}"
EndProject
Project("{9A19103F-16F7-4668-BE54-9A1E7A4F7556}") = "BloodPressure.Infrastructure", "src\BloodPressure.Infrastructure\BloodPressure.Infrastructure.csproj", "{FF4B98B6-3D36-4B0E-A38E-BF6EE47C7D06}"
EndProject
Project("{9A19103F-16F7-4668-BE54-9A1E7A4F7556}") = "BloodPressure.Domain", "src\BloodPresurre.Domain\BloodPressure.Domain.csproj", "{4497F832-413A-4B40-8D7D-1A4FB217C6BD}"
EndProject
Project("{2150E333-8FDC-42A3-9474-1A3956D46DE8}") = "tests", "tests", "{AEA4816A-DA4E-46D0-9061-2DC4123BDB75}"
EndProject
Project("{9A19103F-16F7-4668-BE54-9A1E7A4F7556}") = "BloodPressure.IntegrationTests", "tests\BloodPressure.IntegrationTests\BloodPressure.IntegrationTests.csproj", "{8E8B86BC-B533-4BA8-875E-5B1467F629AB}"
EndProject
Project("{9A19103F-16F7-4668-BE54-9A1E7A4F7556}") = "BloodPressure.UnitTests", "tests\BloodPressure.UnitTests\BloodPressure.UnitTests.csproj", "{24263995-DDF9-46B6-859B-AA1361BA8375}"
EndProject
Global
	GlobalSection(SolutionConfigurationPlatforms) = preSolution
		Debug|Any CPU = Debug|Any CPU
		Release|Any CPU = Release|Any CPU
	EndGlobalSection
	GlobalSection(ProjectConfigurationPlatforms) = postSolution
		{5D60C42C-A563-4BC2-9198-048C4870B033}.Debug|Any CPU.ActiveCfg = Debug|Any CPU
		{5D60C42C-A563-4BC2-9198-048C4870B033}.Debug|Any CPU.Build.0 = Debug|Any CPU
		{5D60C42C-A563-4BC2-9198-048C4870B033}.Release|Any CPU.ActiveCfg = Release|Any CPU
		{5D60C42C-A563-4BC2-9198-048C4870B033}.Release|Any CPU.Build.0 = Release|Any CPU
		{DA85EC5D-2902-4CDF-80A6-E3D814C5D3D5}.Debug|Any CPU.ActiveCfg = Debug|Any CPU
		{DA85EC5D-2902-4CDF-80A6-E3D814C5D3D5}.Debug|Any CPU.Build.0 = Debug|Any CPU
		{DA85EC5D-2902-4CDF-80A6-E3D814C5D3D5}.Release|Any CPU.ActiveCfg = Release|Any CPU
		{DA85EC5D-2902-4CDF-80A6-E3D814C5D3D5}.Release|Any CPU.Build.0 = Release|Any CPU
		{FF4B98B6-3D36-4B0E-A38E-BF6EE47C7D06}.Debug|Any CPU.ActiveCfg = Debug|Any CPU
		{FF4B98B6-3D36-4B0E-A38E-BF6EE47C7D06}.Debug|Any CPU.Build.0 = Debug|Any CPU
		{FF4B98B6-3D36-4B0E-A38E-BF6EE47C7D06}.Release|Any CPU.ActiveCfg = Release|Any CPU
		{FF4B98B6-3D36-4B0E-A38E-BF6EE47C7D06}.Release|Any CPU.Build.0 = Release|Any CPU
		{4497F832-413A-4B40-8D7D-1A4FB217C6BD}.Debug|Any CPU.ActiveCfg = Debug|Any CPU
		{4497F832-413A-4B40-8D7D-1A4FB217C6BD}.Debug|Any CPU.Build.0 = Debug|Any CPU
		{4497F832-413A-4B40-8D7D-1A4FB217C6BD}.Release|Any CPU.ActiveCfg = Release|Any CPU
		{4497F832-413A-4B40-8D7D-1A4FB217C6BD}.Release|Any CPU.Build.0 = Release|Any CPU
		{8E8B86BC-B533-4BA8-875E-5B1467F629AB}.Debug|Any CPU.ActiveCfg = Debug|Any CPU
		{8E8B86BC-B533-4BA8-875E-5B1467F629AB}.Debug|Any CPU.Build.0 = Debug|Any CPU
		{8E8B86BC-B533-4BA8-875E-5B1467F629AB}.Release|Any CPU.ActiveCfg = Release|Any CPU
		{8E8B86BC-B533-4BA8-875E-5B1467F629AB}.Release|Any CPU.Build.0 = Release|Any CPU
		{24263995-DDF9-46B6-859B-AA1361BA8375}.Debug|Any CPU.ActiveCfg = Debug|Any CPU
		{24263995-DDF9-46B6-859B-AA1361BA8375}.Debug|Any CPU.Build.0 = Debug|Any CPU
		{24263995-DDF9-46B6-859B-AA1361BA8375}.Release|Any CPU.ActiveCfg = Release|Any CPU
		{24263995-DDF9-46B6-859B-AA1361BA8375}.Release|Any CPU.Build.0 = Release|Any CPU
	EndGlobalSection
	GlobalSection(SolutionProperties) = preSolution
		HideSolutionNode = FALSE
	EndGlobalSection
	GlobalSection(NestedProjects) = preSolution
		{5D60C42C-A563-4BC2-9198-048C4870B033} = {AF405B63-DFB4-4DAF-9492-107238DC879B}
		{DA85EC5D-2902-4CDF-80A6-E3D814C5D3D5} = {AF405B63-DFB4-4DAF-9492-107238DC879B}
		{FF4B98B6-3D36-4B0E-A38E-BF6EE47C7D06} = {AF405B63-DFB4-4DAF-9492-107238DC879B}
		{4497F832-413A-4B40-8D7D-1A4FB217C6BD} = {AF405B63-DFB4-4DAF-9492-107238DC879B}
		{8E8B86BC-B533-4BA8-875E-5B1467F629AB} = {AEA4816A-DA4E-46D0-9061-2DC4123BDB75}
		{24263995-DDF9-46B6-859B-AA1361BA8375} = {AEA4816A-DA4E-46D0-9061-2DC4123BDB75}
	EndGlobalSection
	GlobalSection(ExtensibilityGlobals) = postSolution
		SolutionGuid = {94F7FFDA-D259-41B2-98A8-93B87235B0AB}
	EndGlobalSection
EndGlobal
